
Microsoft Visual Studio Solution File, Format Version 12.00
# Visual Studio Version 17
VisualStudioVersion = 17.8.34525.116
MinimumVisualStudioVersion = 10.0.40219.1
Project("{FAE04EC0-301F-11D3-BF4B-00C04F79EFBC}") = "Login", "Login.csproj", "{1A407CD4-5E3C-4155-B6CC-B05779EE8371}"
EndProject
Global
	GlobalSection(SolutionConfigurationPlatforms) = preSolution
		Debug|Any CPU = Debug|Any CPU
		Release|Any CPU = Release|Any CPU
	EndGlobalSection
	GlobalSection(ProjectConfigurationPlatforms) = postSolution
		{1A407CD4-5E3C-4155-B6CC-B05779EE8371}.Debug|Any CPU.ActiveCfg = Debug|Any CPU
		{1A407CD4-5E3C-4155-B6CC-B05779EE8371}.Debug|Any CPU.Build.0 = Debug|Any CPU
		{1A407CD4-5E3C-4155-B6CC-B05779EE8371}.Release|Any CPU.ActiveCfg = Release|Any CPU
		{1A407CD4-5E3C-4155-B6CC-B05779EE8371}.Release|Any CPU.Build.0 = Release|Any CPU
	EndGlobalSection
	GlobalSection(SolutionProperties) = preSolution
		HideSolutionNode = FALSE
	EndGlobalSection
	GlobalSection(ExtensibilityGlobals) = postSolution
		SolutionGuid = {C35EE41C-AB35-4462-AA05-6095609E99E2}
	EndGlobalSection
EndGlobal
